# THIS IS AN AUTOGENERATED FILE. DO NOT EDIT THIS FILE DIRECTLY.
# yarn lockfile v1


"@minecraft/server-admin@1.0.0-beta.1.19.60-preview.25", "@minecraft/server-admin@beta":
  version "1.0.0-beta.1.19.60-preview.25"
  resolved "https://registry.yarnpkg.com/@minecraft/server-admin/-/server-admin-1.0.0-beta.1.19.60-preview.25.tgz#98ec63dbfff9139e96533b030c00c0e742e218c6"
  integrity sha512-xqT5oI6XJaIicllARONbzLxTAevnUHNOqJpErBck9Ivye1/XVcqid437W1uunoaKh2xnkx6mHS+969h7oHB7CQ==

"@minecraft/server-gametest@beta":
  version "1.0.0-beta.1.19.60-preview.25"
  resolved "https://registry.yarnpkg.com/@minecraft/server-gametest/-/server-gametest-1.0.0-beta.1.19.60-preview.25.tgz#28a60e51f94dd4939c094ab4a5e5e474f93d0293"
  integrity sha512-wCMnVEVK5xTnPlZ3e5mdV/MfEkbviHt9DDph1rCtKi4xy5mfCTtdCMmBo17jpC4g7vpAMrLthfXtzJIrhUn0HA==
  dependencies:
    "@minecraft/server" "1.1.0-beta.1.19.60-preview.25"

"@minecraft/server-net@beta":
  version "1.0.0-beta.1.19.60-preview.25"
  resolved "https://registry.yarnpkg.com/@minecraft/server-net/-/server-net-1.0.0-beta.1.19.60-preview.25.tgz#573dcb77b3924a904d92519599b011be160b6e31"
  integrity sha512-0TUSEImBkJh6hNPZ0wvgEcyMzQNRY8Xz2tKwrpu7Ec8rtyFjlZ4F+TRlRjSHmJ6key4Ivy6+uvRkqTSyGfKMoA==
  dependencies:
    "@minecraft/server-admin" "1.0.0-beta.1.19.60-preview.25"

"@minecraft/server-ui@beta":
  version "1.0.0-beta.1.19.60-preview.25"
  resolved "https://registry.yarnpkg.com/@minecraft/server-ui/-/server-ui-1.0.0-beta.1.19.60-preview.25.tgz#b896ce72ad9fffda543d42e4dd1f9d9eb2105037"
  integrity sha512-FKTBMcomPG2t4x8GZCaU497bsFxXM6p+21cS0rpyXodj4c1qonkipxoKZNqrBmiOfFQ9ValnNQk4IWYQmDb36Q==
  dependencies:
    "@minecraft/server" "1.1.0-beta.1.19.60-preview.25"

"@minecraft/server@1.1.0-beta.1.19.60-preview.25", "@minecraft/server@beta":
  version "1.1.0-beta.1.19.60-preview.25"
  resolved "https://registry.yarnpkg.com/@minecraft/server/-/server-1.1.0-beta.1.19.60-preview.25.tgz#8daef62679c13764d4c78f45fa32b6689f6798ca"
  integrity sha512-51/9NAcV13rOpmrAaofVW7o6jH9aqeCPjgXzPTv1IG5vxfWBK2KjMYYRDJpsbYHx03I6hv2IeKFmz82Ty4hH1A==
