{
  "name": "sapi-typedoc",
  "version": "1.0.0",
  "lockfileVersion": 3,
  "requires": true,
  "packages": {
    "": {
      "name": "sapi-typedoc",
      "version": "1.0.0",
      "license": "MIT",
      "dependencies": {
        "semver": "^7.7.2",
        "ts-morph": "^27.0.0",
        "typedoc": "^0.28.20",
        "typedoc-plugin-mdn-links": "^5.1.1",
        "typescript": "^5.9.2"
      },
      "devDependencies": {
        "@biomejs/biome": "2.5.15",
        "@types/node": "^24.4.0",
        "@types/semver": "^7.7.1",
        "tsx": "^4.20.5",
        "type-fest": "^5.0.0"
      }
    },
    "node_modules/@biomejs/biome": {
      "version": "2.5.15",
      "resolved": "https://registry.npmjs.org/@biomejs/biome/-/biome-2.5.15.tgz",
      "integrity": "sha512-WZTW4slm/pdkh92K6t/3aEN++44JD1PQ7squ7RCMLI1flHGl43DVOIGXvCjHiZgBMO1V4uYxoFNtqrIA4qGuIQ==",
      "dev": true,
      "license": "MIT OR Apache-2.0",
      "bin": {
        "biome": "bin/biome"
      },
      "engines": {
        "node": ">=14.21.3"
      },
      "funding": {
        "type": "opencollective",
        "url": "https://opencollective.com/biome"
      },
      "optionalDependencies": {
        "@biomejs/cli-darwin-arm64": "2.5.15",
        "@biomejs/cli-darwin-x64": "2.5.15",
        "@biomejs/cli-linux-arm64": "2.5.15",
        "@biomejs/cli-linux-arm64-musl": "2.5.15",
        "@biomejs/cli-linux-x64": "2.5.15",
        "@biomejs/cli-linux-x64-musl": "2.5.15",
        "@biomejs/cli-win32-arm64": "2.5.15",
        "@biomejs/cli-win32-x64": "2.5.15"
      }
    },
    "node_modules/@biomejs/cli-darwin-arm64": {
      "version": "2.5.15",
      "resolved": "https://registry.npmjs.org/@biomejs/cli-darwin-arm64/-/cli-darwin-arm64-2.5.15.tgz",
      "integrity": "sha512-BZVzFhJ/mUvTLMYbc9x6el0o2Uv5zP7bACYyhFb6fSc1giroXm7PL0a5KqMJ9F+/BnkYRjagD/ROSDVOZ6eapg==",
      "cpu": [
        "arm64"
      ],
      "dev": true,
      "license": "MIT OR Apache-2.0",
      "optional": true,
      "os": [
        "darwin"
      ],
      "engines": {
        "node": ">=14.21.3"
      }
    },
    "node_modules/@biomejs/cli-darwin-x64": {
      "version": "2.5.15",
      "resolved": "https://registry.npmjs.org/@biomejs/cli-darwin-x64/-/cli-darwin-x64-2.5.15.tgz",
      "integrity": "sha512-V5Kw63V+fVGNFhFrizDxMbGXAzZCh8kYzJpy3GI6gTapWDg7bZK9oYC9CbVgQSEdTnupz0U5Efz8Ev+5vdBBXw==",
      "cpu": [
        "x64"
      ],
      "dev": true,
      "license": "MIT OR Apache-2.0",
      "optional": true,
      "os": [
        "darwin"
      ],
      "engines": {
        "node": ">=14.21.3"
      }
    },
    "node_modules/@biomejs/cli-linux-arm64": {
      "version": "2.5.15",
      "resolved": "https://registry.npmjs.org/@biomejs/cli-linux-arm64/-/cli-linux-arm64-2.5.15.tgz",
      "integrity": "sha512-XaG7P7eeSLYETD3K9grfB0mQmpLQZjygdbsxekWBJAg4am79fGAtRpfRyNnTvXB2fZFNnJZG3nXm7HBat0+VUw==",
      "cpu": [
        "arm64"
      ],
      "dev": true,
      "libc": [
        "glibc"
      ],
      "license": "MIT OR Apache-2.0",
      "optional": true,
      "os": [
        "linux"
      ],
      "engines": {
        "node": ">=14.21.3"
      }
    },
    "node_modules/@biomejs/cli-linux-arm64-musl": {
      "version": "2.5.15",
      "resolved": "https://registry.npmjs.org/@biomejs/cli-linux-arm64-musl/-/cli-linux-arm64-musl-2.5.15.tgz",
      "integrity": "sha512-tGzZUTcJCV7tj5Adh/Gn6nR4MycqA3iohq2LEcrarAgRBkU0h0OKd2UzCRkOsOYOuUGaUJb4YmqRqyy2feGGSw==",
      "cpu": [
        "arm64"
      ],
      "dev": true,
      "libc": [
        "musl"
      ],
      "license": "MIT OR Apache-2.0",
      "optional": true,
      "os": [
        "linux"
      ],
      "engines": {
        "node": ">=14.21.3"
      }
    },
    "node_modules/@biomejs/cli-linux-x64": {
      "version": "2.5.15",
      "resolved": "https://registry.npmjs.org/@biomejs/cli-linux-x64/-/cli-linux-x64-2.5.15.tgz",
      "integrity": "sha512-xE4iEW/3LqlYj9GFgGrFsFSH51dEEpUbYWBfeOv0q87WkUDxK2o/HhreSb7qMJqck70RVM6Lg96hgedcAYcOkA==",
      "cpu": [
        "x64"
      ],
      "dev": true,
      "libc": [
        "glibc"
      ],
      "license": "MIT OR Apache-2.0",
      "optional": true,
      "os": [
        "linux"
      ],
      "engines": {
        "node": ">=14.21.3"
      }
    },
    "node_modules/@biomejs/cli-linux-x64-musl": {
      "version": "2.5.15",
      "resolved": "https://registry.npmjs.org/@biomejs/cli-linux-x64-musl/-/cli-linux-x64-musl-2.5.15.tgz",
      "integrity": "sha512-IlxUcyxilVGPsE008x13pWdkTbU3nQpP2i9b5UrbOYj6goBkKsRX1XB7yJLcV+O1H9LBchIIm4adOaVLZBX0ZQ==",
      "cpu": [
        "x64"
      ],
      "dev": true,
      "libc": [
        "musl"
      ],
      "license": "MIT OR Apache-2.0",
      "optional": true,
      "os": [
        "linux"
      ],
      "engines": {
        "node": ">=14.21.3"
      }
    },
    "node_modules/@biomejs/cli-win32-arm64": {
      "version": "2.5.15",
      "resolved": "https://registry.npmjs.org/@biomejs/cli-win32-arm64/-/cli-win32-arm64-2.5.15.tgz",
      "integrity": "sha512-2kPKzhNlm8C+Ru3GcO0Me2ODkCBLrVOUNuyi84RJyWDVKAA4+Kjj3jMjL938lF6BRfvltC4vB2nPY9SvN51Ovg==",
      "cpu": [
        "arm64"
      ],
      "dev": true,
      "license": "MIT OR Apache-2.0",
      "optional": true,
      "os": [
        "win32"
      ],
      "engines": {
        "node": ">=14.21.3"
      }
    },
    "node_modules/@biomejs/cli-win32-x64": {
      "version": "2.5.15",
      "resolved": "https://registry.npmjs.org/@biomejs/cli-win32-x64/-/cli-win32-x64-2.5.15.tgz",
      "integrity": "sha512-yAzh4UqEImV6Hcy0zjUqNfJAsUhoD64FBQCdTG8Md/Z2wQeVP/ZmJ3XRYAs1g8J9fjTFyl2fCtc5FB5til47+g==",
      "cpu": [
        "x64"
      ],
      "dev": true,
      "license": "MIT OR Apache-2.0",
      "optional": true,
      "os": [
        "win32"
      ],
      "engines": {
        "node": ">=14.21.3"
      }
    },
    "node_modules/@esbuild/aix-ppc64": {
      "version": "0.25.1",
      "resolved": "https://registry.npmjs.org/@esbuild/aix-ppc64/-/aix-ppc64-0.25.1.tgz",
      "integrity": "sha512-kfYGy8IdzTGy+z0vFGvExZtxkFlA4zAxgKEahG9KE1ScBjpQnFsNOX8KTU5ojNru5ed5CVoJYXFtoxaq5nFbjQ==",
      "cpu": [
        "ppc64"
      ],
      "dev": true,
      "license": "MIT",
      "optional": true,
      "os": [
        "aix"
      ],
      "engines": {
        "node": ">=18"
      }
    },
    "node_modules/@esbuild/android-arm": {
      "version": "0.25.1",
      "resolved": "https://registry.npmjs.org/@esbuild/android-arm/-/android-arm-0.25.1.tgz",
      "integrity": "sha512-dp+MshLYux6j/JjdqVLnMglQlFu+MuVeNrmT5nk6q07wNhCdSnB7QZj+7G8VMUGh1q+vj2Bq8kRsuyA00I/k+Q==",
      "cpu": [
        "arm"
      ],
      "dev": true,
      "license": "MIT",
      "optional": true,
      "os": [
        "android"
      ],
      "engines": {
        "node": ">=18"
      }
    },
    "node_modules/@esbuild/android-arm64": {
      "version": "0.25.1",
      "resolved": "https://registry.npmjs.org/@esbuild/android-arm64/-/android-arm64-0.25.1.tgz",
      "integrity": "sha512-50tM0zCJW5kGqgG7fQ7IHvQOcAn9TKiVRuQ/lN0xR+T2lzEFvAi1ZcS8DiksFcEpf1t/GYOeOfCAgDHFpkiSmA==",
      "cpu": [
        "arm64"
      ],
      "dev": true,
      "license": "MIT",
      "optional": true,
      "os": [
        "android"
      ],
      "engines": {
        "node": ">=18"
      }
    },
    "node_modules/@esbuild/android-x64": {
      "version": "0.25.1",
      "resolved": "https://registry.npmjs.org/@esbuild/android-x64/-/android-x64-0.25.1.tgz",
      "integrity": "sha512-GCj6WfUtNldqUzYkN/ITtlhwQqGWu9S45vUXs7EIYf+7rCiiqH9bCloatO9VhxsL0Pji+PF4Lz2XXCES+Q8hDw==",
      "cpu": [
        "x64"
      ],
      "dev": true,
      "license": "MIT",
      "optional": true,
      "os": [
        "android"
      ],
      "engines": {
        "node": ">=18"
      }
    },
    "node_modules/@esbuild/darwin-arm64": {
      "version": "0.25.1",
      "resolved": "https://registry.npmjs.org/@esbuild/darwin-arm64/-/darwin-arm64-0.25.1.tgz",
      "integrity": "sha512-5hEZKPf+nQjYoSr/elb62U19/l1mZDdqidGfmFutVUjjUZrOazAtwK+Kr+3y0C/oeJfLlxo9fXb1w7L+P7E4FQ==",
      "cpu": [
        "arm64"
      ],
      "dev": true,
      "license": "MIT",
      "optional": true,
      "os": [
        "darwin"
      ],
      "engines": {
        "node": ">=18"
      }
    },
    "node_modules/@esbuild/darwin-x64": {
      "version": "0.25.1",
      "resolved": "https://registry.npmjs.org/@esbuild/darwin-x64/-/darwin-x64-0.25.1.tgz",
      "integrity": "sha512-hxVnwL2Dqs3fM1IWq8Iezh0cX7ZGdVhbTfnOy5uURtao5OIVCEyj9xIzemDi7sRvKsuSdtCAhMKarxqtlyVyfA==",
      "cpu": [
        "x64"
      ],
      "dev": true,
      "license": "MIT",
      "optional": true,
      "os": [
        "darwin"
      ],
      "engines": {
        "node": ">=18"
      }
    },
    "node_modules/@esbuild/freebsd-arm64": {
      "version": "0.25.1",
      "resolved": "https://registry.npmjs.org/@esbuild/freebsd-arm64/-/freebsd-arm64-0.25.1.tgz",
      "integrity": "sha512-1MrCZs0fZa2g8E+FUo2ipw6jw5qqQiH+tERoS5fAfKnRx6NXH31tXBKI3VpmLijLH6yriMZsxJtaXUyFt/8Y4A==",
      "cpu": [
        "arm64"
      ],
      "dev": true,
      "license": "MIT",
      "optional": true,
      "os": [
        "freebsd"
      ],
      "engines": {
        "node": ">=18"
      }
    },
    "node_modules/@esbuild/freebsd-x64": {
      "version": "0.25.1",
      "resolved": "https://registry.npmjs.org/@esbuild/freebsd-x64/-/freebsd-x64-0.25.1.tgz",
      "integrity": "sha512-0IZWLiTyz7nm0xuIs0q1Y3QWJC52R8aSXxe40VUxm6BB1RNmkODtW6LHvWRrGiICulcX7ZvyH6h5fqdLu4gkww==",
      "cpu": [
        "x64"
      ],
      "dev": true,
      "license": "MIT",
      "optional": true,
      "os": [
        "freebsd"
      ],
      "engines": {
        "node": ">=18"
      }
    },
    "node_modules/@esbuild/linux-arm": {
      "version": "0.25.1",
      "resolved": "https://registry.npmjs.org/@esbuild/linux-arm/-/linux-arm-0.25.1.tgz",
      "integrity": "sha512-NdKOhS4u7JhDKw9G3cY6sWqFcnLITn6SqivVArbzIaf3cemShqfLGHYMx8Xlm/lBit3/5d7kXvriTUGa5YViuQ==",
      "cpu": [
        "arm"
      ],
      "dev": true,
      "license": "MIT",
      "optional": true,
      "os": [
        "linux"
      ],
      "engines": {
        "node": ">=18"
      }
    },
    "node_modules/@esbuild/linux-arm64": {
      "version": "0.25.1",
      "resolved": "https://registry.npmjs.org/@esbuild/linux-arm64/-/linux-arm64-0.25.1.tgz",
      "integrity": "sha512-jaN3dHi0/DDPelk0nLcXRm1q7DNJpjXy7yWaWvbfkPvI+7XNSc/lDOnCLN7gzsyzgu6qSAmgSvP9oXAhP973uQ==",
      "cpu": [
        "arm64"
      ],
      "dev": true,
      "license": "MIT",
      "optional": true,
      "os": [
        "linux"
      ],
      "engines": {
        "node": ">=18"
      }
    },
    "node_modules/@esbuild/linux-ia32": {
      "version": "0.25.1",
      "resolved": "https://registry.npmjs.org/@esbuild/linux-ia32/-/linux-ia32-0.25.1.tgz",
      "integrity": "sha512-OJykPaF4v8JidKNGz8c/q1lBO44sQNUQtq1KktJXdBLn1hPod5rE/Hko5ugKKZd+D2+o1a9MFGUEIUwO2YfgkQ==",
      "cpu": [
        "ia32"
      ],
      "dev": true,
      "license": "MIT",
      "optional": true,
      "os": [
        "linux"
      ],
      "engines": {
        "node": ">=18"
      }
    },
    "node_modules/@esbuild/linux-loong64": {
      "version": "0.25.1",
      "resolved": "https://registry.npmjs.org/@esbuild/linux-loong64/-/linux-loong64-0.25.1.tgz",
      "integrity": "sha512-nGfornQj4dzcq5Vp835oM/o21UMlXzn79KobKlcs3Wz9smwiifknLy4xDCLUU0BWp7b/houtdrgUz7nOGnfIYg==",
      "cpu": [
        "loong64"
      ],
      "dev": true,
      "license": "MIT",
      "optional": true,
      "os": [
        "linux"
      ],
      "engines": {
        "node": ">=18"
      }
    },
    "node_modules/@esbuild/linux-mips64el": {
      "version": "0.25.1",
      "resolved": "https://registry.npmjs.org/@esbuild/linux-mips64el/-/linux-mips64el-0.25.1.tgz",
      "integrity": "sha512-1osBbPEFYwIE5IVB/0g2X6i1qInZa1aIoj1TdL4AaAb55xIIgbg8Doq6a5BzYWgr+tEcDzYH67XVnTmUzL+nXg==",
      "cpu": [
        "mips64el"
      ],
      "dev": true,
      "license": "MIT",
      "optional": true,
      "os": [
        "linux"
      ],
      "engines": {
        "node": ">=18"
      }
    },
    "node_modules/@esbuild/linux-ppc64": {
      "version": "0.25.1",
      "resolved": "https://registry.npmjs.org/@esbuild/linux-ppc64/-/linux-ppc64-0.25.1.tgz",
      "integrity": "sha512-/6VBJOwUf3TdTvJZ82qF3tbLuWsscd7/1w+D9LH0W/SqUgM5/JJD0lrJ1fVIfZsqB6RFmLCe0Xz3fmZc3WtyVg==",
      "cpu": [
        "ppc64"
      ],
      "dev": true,
      "license": "MIT",
      "optional": true,
      "os": [
        "linux"
      ],
      "engines": {
        "node": ">=18"
      }
    },
    "node_modules/@esbuild/linux-riscv64": {
      "version": "0.25.1",
      "resolved": "https://registry.npmjs.org/@esbuild/linux-riscv64/-/linux-riscv64-0.25.1.tgz",
      "integrity": "sha512-nSut/Mx5gnilhcq2yIMLMe3Wl4FK5wx/o0QuuCLMtmJn+WeWYoEGDN1ipcN72g1WHsnIbxGXd4i/MF0gTcuAjQ==",
      "cpu": [
        "riscv64"
      ],
      "dev": true,
      "license": "MIT",
      "optional": true,
      "os": [
        "linux"
      ],
      "engines": {
        "node": ">=18"
      }
    },
    "node_modules/@esbuild/linux-s390x": {
      "version": "0.25.1",
      "resolved": "https://registry.npmjs.org/@esbuild/linux-s390x/-/linux-s390x-0.25.1.tgz",
      "integrity": "sha512-cEECeLlJNfT8kZHqLarDBQso9a27o2Zd2AQ8USAEoGtejOrCYHNtKP8XQhMDJMtthdF4GBmjR2au3x1udADQQQ==",
      "cpu": [
        "s390x"
      ],
      "dev": true,
      "license": "MIT",
      "optional": true,
      "os": [
        "linux"
      ],
      "engines": {
        "node": ">=18"
      }
    },
    "node_modules/@esbuild/linux-x64": {
      "version": "0.25.1",
      "resolved": "https://registry.npmjs.org/@esbuild/linux-x64/-/linux-x64-0.25.1.tgz",
      "integrity": "sha512-xbfUhu/gnvSEg+EGovRc+kjBAkrvtk38RlerAzQxvMzlB4fXpCFCeUAYzJvrnhFtdeyVCDANSjJvOvGYoeKzFA==",
      "cpu": [
        "x64"
      ],
      "dev": true,
      "license": "MIT",
      "optional": true,
      "os": [
        "linux"
      ],
      "engines": {
        "node": ">=18"
      }
    },
    "node_modules/@esbuild/netbsd-arm64": {
      "version": "0.25.1",
      "resolved": "https://registry.npmjs.org/@esbuild/netbsd-arm64/-/netbsd-arm64-0.25.1.tgz",
      "integrity": "sha512-O96poM2XGhLtpTh+s4+nP7YCCAfb4tJNRVZHfIE7dgmax+yMP2WgMd2OecBuaATHKTHsLWHQeuaxMRnCsH8+5g==",
      "cpu": [
        "arm64"
      ],
      "dev": true,
      "license": "MIT",
      "optional": true,
      "os": [
        "netbsd"
      ],
      "engines": {
        "node": ">=18"
      }
    },
    "node_modules/@esbuild/netbsd-x64": {
      "version": "0.25.1",
      "resolved": "https://registry.npmjs.org/@esbuild/netbsd-x64/-/netbsd-x64-0.25.1.tgz",
      "integrity": "sha512-X53z6uXip6KFXBQ+Krbx25XHV/NCbzryM6ehOAeAil7X7oa4XIq+394PWGnwaSQ2WRA0KI6PUO6hTO5zeF5ijA==",
      "cpu": [
        "x64"
      ],
      "dev": true,
      "license": "MIT",
      "optional": true,
      "os": [
        "netbsd"
      ],
      "engines": {
        "node": ">=18"
      }
    },
    "node_modules/@esbuild/openbsd-arm64": {
      "version": "0.25.1",
      "resolved": "https://registry.npmjs.org/@esbuild/openbsd-arm64/-/openbsd-arm64-0.25.1.tgz",
      "integrity": "sha512-Na9T3szbXezdzM/Kfs3GcRQNjHzM6GzFBeU1/6IV/npKP5ORtp9zbQjvkDJ47s6BCgaAZnnnu/cY1x342+MvZg==",
      "cpu": [
        "arm64"
      ],
      "dev": true,
      "license": "MIT",
      "optional": true,
      "os": [
        "openbsd"
      ],
      "engines": {
        "node": ">=18"
      }
    },
    "node_modules/@esbuild/openbsd-x64": {
      "version": "0.25.1",
      "resolved": "https://registry.npmjs.org/@esbuild/openbsd-x64/-/openbsd-x64-0.25.1.tgz",
      "integrity": "sha512-T3H78X2h1tszfRSf+txbt5aOp/e7TAz3ptVKu9Oyir3IAOFPGV6O9c2naym5TOriy1l0nNf6a4X5UXRZSGX/dw==",
      "cpu": [
        "x64"
      ],
      "dev": true,
      "license": "MIT",
      "optional": true,
      "os": [
        "openbsd"
      ],
      "engines": {
        "node": ">=18"
      }
    },
    "node_modules/@esbuild/sunos-x64": {
      "version": "0.25.1",
      "resolved": "https://registry.npmjs.org/@esbuild/sunos-x64/-/sunos-x64-0.25.1.tgz",
      "integrity": "sha512-2H3RUvcmULO7dIE5EWJH8eubZAI4xw54H1ilJnRNZdeo8dTADEZ21w6J22XBkXqGJbe0+wnNJtw3UXRoLJnFEg==",
      "cpu": [
        "x64"
      ],
      "dev": true,
      "license": "MIT",
      "optional": true,
      "os": [
        "sunos"
      ],
      "engines": {
        "node": ">=18"
      }
    },
    "node_modules/@esbuild/win32-arm64": {
      "version": "0.25.1",
      "resolved": "https://registry.npmjs.org/@esbuild/win32-arm64/-/win32-arm64-0.25.1.tgz",
      "integrity": "sha512-GE7XvrdOzrb+yVKB9KsRMq+7a2U/K5Cf/8grVFRAGJmfADr/e/ODQ134RK2/eeHqYV5eQRFxb1hY7Nr15fv1NQ==",
      "cpu": [
        "arm64"
      ],
      "dev": true,
      "license": "MIT",
      "optional": true,
      "os": [
        "win32"
      ],
      "engines": {
        "node": ">=18"
      }
    },
    "node_modules/@esbuild/win32-ia32": {
      "version": "0.25.1",
      "resolved": "https://registry.npmjs.org/@esbuild/win32-ia32/-/win32-ia32-0.25.1.tgz",
      "integrity": "sha512-uOxSJCIcavSiT6UnBhBzE8wy3n0hOkJsBOzy7HDAuTDE++1DJMRRVCPGisULScHL+a/ZwdXPpXD3IyFKjA7K8A==",
      "cpu": [
        "ia32"
      ],
      "dev": true,
      "license": "MIT",
      "optional": true,
      "os": [
        "win32"
      ],
      "engines": {
        "node": ">=18"
      }
    },
    "node_modules/@esbuild/win32-x64": {
      "version": "0.25.1",
      "resolved": "https://registry.npmjs.org/@esbuild/win32-x64/-/win32-x64-0.25.1.tgz",
      "integrity": "sha512-Y1EQdcfwMSeQN/ujR5VayLOJ1BHaK+ssyk0AEzPjC+t1lITgsnccPqFjb6V+LsTp/9Iov4ysfjxLaGJ9RPtkVg==",
      "cpu": [
        "x64"
      ],
      "dev": true,
      "license": "MIT",
      "optional": true,
      "os": [
        "win32"
      ],
      "engines": {
        "node": ">=18"
      }
    },
    "node_modules/@gerrit0/mini-shiki": {
      "version": "3.23.0",
      "resolved": "https://registry.npmjs.org/@gerrit0/mini-shiki/-/mini-shiki-3.23.0.tgz",
      "integrity": "sha512-bEMORlG0cqdjVyCEuU0cDQbORWX+kYCeo0kV1lbxF5bt4r7SID2l9bqsxJEM0zndaxpOUT7riCyIVEuqq/Ynxg==",
      "license": "MIT",
      "dependencies": {
        "@shikijs/engine-oniguruma": "^3.23.0",
        "@shikijs/langs": "^3.23.0",
        "@shikijs/themes": "^3.23.0",
        "@shikijs/types": "^3.23.0",
        "@shikijs/vscode-textmate": "^10.0.2"
      }
    },
    "node_modules/@isaacs/balanced-match": {
      "version": "4.0.1",
      "resolved": "https://registry.npmjs.org/@isaacs/balanced-match/-/balanced-match-4.0.1.tgz",
      "integrity": "sha512-yzMTt9lEb8Gv7zRioUilSglI0c0smZ9k5D65677DLWLtWJaXIS3CqcGyUFByYKlnUj6TkjLVs54fBl6+TiGQDQ==",
      "license": "MIT",
      "engines": {
        "node": "20 || >=22"
      }
    },
    "node_modules/@isaacs/brace-expansion": {
      "version": "5.0.0",
      "resolved": "https://registry.npmjs.org/@isaacs/brace-expansion/-/brace-expansion-5.0.0.tgz",
      "integrity": "sha512-ZT55BDLV0yv0RBm2czMiZ+SqCGO7AvmOM3G/w2xhVPH+te0aKgFjmBvGlL1dH+ql2tgGO3MVrbb3jCKyvpgnxA==",
      "license": "MIT",
      "dependencies": {
        "@isaacs/balanced-match": "^4.0.1"
      },
      "engines": {
        "node": "20 || >=22"
      }
    },
    "node_modules/@shikijs/engine-oniguruma": {
      "version": "3.23.0",
      "resolved": "https://registry.npmjs.org/@shikijs/engine-oniguruma/-/engine-oniguruma-3.23.0.tgz",
      "integrity": "sha512-1nWINwKXxKKLqPibT5f4pAFLej9oZzQTsby8942OTlsJzOBZ0MWKiwzMsd+jhzu8YPCHAswGnnN1YtQfirL35g==",
      "license": "MIT",
      "dependencies": {
        "@shikijs/types": "3.23.0",
        "@shikijs/vscode-textmate": "^10.0.2"
      }
    },
    "node_modules/@shikijs/langs": {
      "version": "3.23.0",
      "resolved": "https://registry.npmjs.org/@shikijs/langs/-/langs-3.23.0.tgz",
      "integrity": "sha512-2Ep4W3Re5aB1/62RSYQInK9mM3HsLeB91cHqznAJMuylqjzNVAVCMnNWRHFtcNHXsoNRayP9z1qj4Sq3nMqYXg==",
      "license": "MIT",
      "dependencies": {
        "@shikijs/types": "3.23.0"
      }
    },
    "node_modules/@shikijs/themes": {
      "version": "3.23.0",
      "resolved": "https://registry.npmjs.org/@shikijs/themes/-/themes-3.23.0.tgz",
      "integrity": "sha512-5qySYa1ZgAT18HR/ypENL9cUSGOeI2x+4IvYJu4JgVJdizn6kG4ia5Q1jDEOi7gTbN4RbuYtmHh0W3eccOrjMA==",
      "license": "MIT",
      "dependencies": {
        "@shikijs/types": "3.23.0"
      }
    },
    "node_modules/@shikijs/types": {
      "version": "3.23.0",
      "resolved": "https://registry.npmjs.org/@shikijs/types/-/types-3.23.0.tgz",
      "integrity": "sha512-3JZ5HXOZfYjsYSk0yPwBrkupyYSLpAE26Qc0HLghhZNGTZg/SKxXIIgoxOpmmeQP0RRSDJTk1/vPfw9tbw+jSQ==",
      "license": "MIT",
      "dependencies": {
        "@shikijs/vscode-textmate": "^10.0.2",
        "@types/hast": "^3.0.4"
      }
    },
    "node_modules/@shikijs/vscode-textmate": {
      "version": "10.0.2",
      "resolved": "https://registry.npmjs.org/@shikijs/vscode-textmate/-/vscode-textmate-10.0.2.tgz",
      "integrity": "sha512-83yeghZ2xxin3Nj8z1NMd/NCuca+gsYXswywDy5bHvwlWL8tpTQmzGeUuHd9FC3E/SBEMvzJRwWEOz5gGes9Qg==",
      "license": "MIT"
    },
    "node_modules/@ts-morph/common": {
      "version": "0.28.0",
      "resolved": "https://registry.npmjs.org/@ts-morph/common/-/common-0.28.0.tgz",
      "integrity": "sha512-4w6X/oFmvXcwux6y6ExfM/xSqMHw20cYwFJH+BlYrtGa6nwY9qGq8GXnUs1sVYeF2o/KT3S8hAH6sKBI3VOkBg==",
      "license": "MIT",
      "dependencies": {
        "minimatch": "^10.0.1",
        "path-browserify": "^1.0.1",
        "tinyglobby": "^0.2.14"
      }
    },
    "node_modules/@ts-morph/common/node_modules/minimatch": {
      "version": "10.0.3",
      "resolved": "https://registry.npmjs.org/minimatch/-/minimatch-10.0.3.tgz",
      "integrity": "sha512-IPZ167aShDZZUMdRk66cyQAW3qr0WzbHkPdMYa8bzZhlHhO3jALbKdxcaak7W9FfT2rZNpQuUu4Od7ILEpXSaw==",
      "license": "ISC",
      "dependencies": {
        "@isaacs/brace-expansion": "^5.0.0"
      },
      "engines": {
        "node": "20 || >=22"
      },
      "funding": {
        "url": "https://github.com/sponsors/isaacs"
      }
    },
    "node_modules/@types/hast": {
      "version": "3.0.5",
      "resolved": "https://registry.npmjs.org/@types/hast/-/hast-3.0.5.tgz",
      "integrity": "sha512-rp/ezSWaD1m44dPKICGhiskI13nVr7qTloFwDa/IYkhhf5nzwP+zIQcIJh3WIFSBOy/H1PzB40jPjMDksN4F+g==",
      "license": "MIT",
      "dependencies": {
        "@types/unist": "*"
      }
    },
    "node_modules/@types/node": {
      "version": "24.4.0",
      "resolved": "https://registry.npmjs.org/@types/node/-/node-24.4.0.tgz",
      "integrity": "sha512-gUuVEAK4/u6F9wRLznPUU4WGUacSEBDPoC2TrBkw3GAnOLHBL45QdfHOXp1kJ4ypBGLxTOB+t7NJLpKoC3gznQ==",
      "dev": true,
      "license": "MIT",
      "dependencies": {
        "undici-types": "~7.11.0"
      }
    },
    "node_modules/@types/semver": {
      "version": "7.7.1",
      "resolved": "https://registry.npmjs.org/@types/semver/-/semver-7.7.1.tgz",
      "integrity": "sha512-FmgJfu+MOcQ370SD0ev7EI8TlCAfKYU+B4m5T3yXc1CiRN94g/SZPtsCkk506aUDtlMnFZvasDwHHUcZUEaYuA==",
      "dev": true,
      "license": "MIT"
    },
    "node_modules/@types/unist": {
      "version": "3.0.3",
      "resolved": "https://registry.npmjs.org/@types/unist/-/unist-3.0.3.tgz",
      "integrity": "sha512-ko/gIFJRv177XgZsZcBwnqJN5x/Gien8qNOn0D5bQU/zAzVf9Zt3BlcUiLqhV9y4ARk0GbT3tnUiPNgnTXzc/Q==",
      "license": "MIT"
    },
    "node_modules/argparse": {
      "version": "2.0.1",
      "resolved": "https://registry.npmjs.org/argparse/-/argparse-2.0.1.tgz",
      "integrity": "sha512-8+9WqebbFzpX9OR+Wa6O29asIogeRMzcGtAINdpMHHyAg10f05aSFVBbcEqGf/PXw1EjAZ+q2/bEBg3DvurK3Q==",
      "license": "Python-2.0"
    },
    "node_modules/code-block-writer": {
      "version": "13.0.3",
      "resolved": "https://registry.npmjs.org/code-block-writer/-/code-block-writer-13.0.3.tgz",
      "integrity": "sha512-Oofo0pq3IKnsFtuHqSF7TqBfr71aeyZDVJ0HpmqB7FBM2qEigL0iPONSCZSO9pE9dZTAxANe5XHG9Uy0YMv8cg==",
      "license": "MIT"
    },
    "node_modules/entities": {
      "version": "4.5.0",
      "resolved": "https://registry.npmjs.org/entities/-/entities-4.5.0.tgz",
      "integrity": "sha512-V0hjH4dGPh9Ao5p0MoRY6BVqtwCjhz6vI5LT8AJ55H+4g9/4vbHx1I54fS0XuclLhDHArPQCiMjDxjaL8fPxhw==",
      "license": "BSD-2-Clause",
      "engines": {
        "node": ">=0.12"
      },
      "funding": {
        "url": "https://github.com/fb55/entities?sponsor=1"
      }
    },
    "node_modules/esbuild": {
      "version": "0.25.1",
      "resolved": "https://registry.npmjs.org/esbuild/-/esbuild-0.25.1.tgz",
      "integrity": "sha512-BGO5LtrGC7vxnqucAe/rmvKdJllfGaYWdyABvyMoXQlfYMb2bbRuReWR5tEGE//4LcNJj9XrkovTqNYRFZHAMQ==",
      "dev": true,
      "hasInstallScript": true,
      "license": "MIT",
      "bin": {
        "esbuild": "bin/esbuild"
      },
      "engines": {
        "node": ">=18"
      },
      "optionalDependencies": {
        "@esbuild/aix-ppc64": "0.25.1",
        "@esbuild/android-arm": "0.25.1",
        "@esbuild/android-arm64": "0.25.1",
        "@esbuild/android-x64": "0.25.1",
        "@esbuild/darwin-arm64": "0.25.1",
        "@esbuild/darwin-x64": "0.25.1",
        "@esbuild/freebsd-arm64": "0.25.1",
        "@esbuild/freebsd-x64": "0.25.1",
        "@esbuild/linux-arm": "0.25.1",
        "@esbuild/linux-arm64": "0.25.1",
        "@esbuild/linux-ia32": "0.25.1",
        "@esbuild/linux-loong64": "0.25.1",
        "@esbuild/linux-mips64el": "0.25.1",
        "@esbuild/linux-ppc64": "0.25.1",
        "@esbuild/linux-riscv64": "0.25.1",
        "@esbuild/linux-s390x": "0.25.1",
        "@esbuild/linux-x64": "0.25.1",
        "@esbuild/netbsd-arm64": "0.25.1",
        "@esbuild/netbsd-x64": "0.25.1",
        "@esbuild/openbsd-arm64": "0.25.1",
        "@esbuild/openbsd-x64": "0.25.1",
        "@esbuild/sunos-x64": "0.25.1",
        "@esbuild/win32-arm64": "0.25.1",
        "@esbuild/win32-ia32": "0.25.1",
        "@esbuild/win32-x64": "0.25.1"
      }
    },
    "node_modules/fdir": {
      "version": "6.5.0",
      "resolved": "https://registry.npmjs.org/fdir/-/fdir-6.5.0.tgz",
      "integrity": "sha512-tIbYtZbucOs0BRGqPJkshJUYdL+SDH7dVM8gjy+ERp3WAUjLEFJE+02kanyHtwjWOnwrKYBiwAmM0p4kLJAnXg==",
      "license": "MIT",
      "engines": {
        "node": ">=12.0.0"
      },
      "peerDependencies": {
        "picomatch": "^3 || ^4"
      },
      "peerDependenciesMeta": {
        "picomatch": {
          "optional": true
        }
      }
    },
    "node_modules/fsevents": {
      "version": "2.3.3",
      "resolved": "https://registry.npmjs.org/fsevents/-/fsevents-2.3.3.tgz",
      "integrity": "sha512-5xoDfX+fL7faATnagmWPpbFtwh/R77WmMMqqHGS65C3vvB0YHrgF+B1YmZ3441tMj5n63k0212XNoJwzlhffQw==",
      "dev": true,
      "hasInstallScript": true,
      "license": "MIT",
      "optional": true,
      "os": [
        "darwin"
      ],
      "engines": {
        "node": "^8.16.0 || ^10.6.0 || >=11.0.0"
      }
    },
    "node_modules/get-tsconfig": {
      "version": "4.10.0",
      "resolved": "https://registry.npmjs.org/get-tsconfig/-/get-tsconfig-4.10.0.tgz",
      "integrity": "sha512-kGzZ3LWWQcGIAmg6iWvXn0ei6WDtV26wzHRMwDSzmAbcXrTEXxHy6IehI6/4eT6VRKyMP1eF1VqwrVUmE/LR7A==",
      "dev": true,
      "license": "MIT",
      "dependencies": {
        "resolve-pkg-maps": "^1.0.0"
      },
      "funding": {
        "url": "https://github.com/privatenumber/get-tsconfig?sponsor=1"
      }
    },
    "node_modules/linkify-it": {
      "version": "5.0.2",
      "resolved": "https://registry.npmjs.org/linkify-it/-/linkify-it-5.0.2.tgz",
      "integrity": "sha512-ONTm2jCMAVZjgQa/Fy1kScXsuOoF5NPTsoFBdE1KVIZ2vAh/r9+Bqo+0jINCBYnavTPQZz38QzFTme79ENoN3Q==",
      "funding": [
        {
          "type": "github",
          "url": "https://github.com/sponsors/puzrin"
        },
        {
          "type": "github",
          "url": "https://github.com/sponsors/markdown-it"
        }
      ],
      "license": "MIT",
      "dependencies": {
        "uc.micro": "^2.0.0"
      }
    },
    "node_modules/lunr": {
      "version": "2.3.9",
      "resolved": "https://registry.npmjs.org/lunr/-/lunr-2.3.9.tgz",
      "integrity": "sha512-zTU3DaZaF3Rt9rhN3uBMGQD3dD2/vFQqnvZCDv4dl5iOzq2IZQqTxu90r4E5J+nP70J3ilqVCrbho2eWaeW8Ow==",
      "license": "MIT"
    },
    "node_modules/markdown-it": {
      "version": "14.3.2",
      "resolved": "https://registry.npmjs.org/markdown-it/-/markdown-it-14.3.2.tgz",
      "integrity": "sha512-sHHjZ5fJKlgrG4qns2YwVcdNep35h5fERrfkD2YNsb9UFk0UIHarbiTaHKVMlPuWAoiilyK8Fv/jAm11slsY7Q==",
      "funding": [
        {
          "type": "github",
          "url": "https://github.com/sponsors/puzrin"
        },
        {
          "type": "github",
          "url": "https://github.com/sponsors/markdown-it"
        }
      ],
      "license": "MIT",
      "dependencies": {
        "argparse": "^2.0.1",
        "entities": "^4.5.0",
        "linkify-it": "^5.0.2",
        "mdurl": "^2.0.0",
        "punycode.js": "^2.3.1",
        "uc.micro": "^2.1.0"
      },
      "bin": {
        "markdown-it": "bin/markdown-it.mjs"
      }
    },
    "node_modules/mdurl": {
      "version": "2.1.0",
      "resolved": "https://registry.npmjs.org/mdurl/-/mdurl-2.1.0.tgz",
      "integrity": "sha512-1+HBaOx0zi/dQWht8rNv9MYf9qqpqL/kxI0hXImU6Y547zM6Sni8BQibt7ifgMcYtQg41ao3Ivd6cnSM86inpg==",
      "license": "MIT"
    },
    "node_modules/path-browserify": {
      "version": "1.0.1",
      "resolved": "https://registry.npmjs.org/path-browserify/-/path-browserify-1.0.1.tgz",
      "integrity": "sha512-b7uo2UCUOYZcnF/3ID0lulOJi/bafxa1xPe7ZPsammBSpjSWQkjNxlt635YGS2MiR9GjvuXCtz2emr3jbsz98g==",
      "license": "MIT"
    },
    "node_modules/picomatch": {
      "version": "4.0.3",
      "resolved": "https://registry.npmjs.org/picomatch/-/picomatch-4.0.3.tgz",
      "integrity": "sha512-5gTmgEY/sqK6gFXLIsQNH19lWb4ebPDLA4SdLP7dsWkIXHWlG66oPuVvXSGFPppYZz8ZDZq0dYYrbHfBCVUb1Q==",
      "license": "MIT",
      "engines": {
        "node": ">=12"
      },
      "funding": {
        "url": "https://github.com/sponsors/jonschlinkert"
      }
    },
    "node_modules/punycode.js": {
      "version": "2.3.1",
      "resolved": "https://registry.npmjs.org/punycode.js/-/punycode.js-2.3.1.tgz",
      "integrity": "sha512-uxFIHU0YlHYhDQtV4R9J6a52SLx28BCjT+4ieh7IGbgwVJWO+km431c4yRlREUAsAmt/uMjQUyQHNEPf0M39CA==",
      "license": "MIT",
      "engines": {
        "node": ">=6"
      }
    },
    "node_modules/resolve-pkg-maps": {
      "version": "1.0.0",
      "resolved": "https://registry.npmjs.org/resolve-pkg-maps/-/resolve-pkg-maps-1.0.0.tgz",
      "integrity": "sha512-seS2Tj26TBVOC2NIc2rOe2y2ZO7efxITtLZcGSOnHHNOQ7CkiUBfw0Iw2ck6xkIhPwLhKNLS8BO+hEpngQlqzw==",
      "dev": true,
      "license": "MIT",
      "funding": {
        "url": "https://github.com/privatenumber/resolve-pkg-maps?sponsor=1"
      }
    },
    "node_modules/semver": {
      "version": "7.7.2",
      "resolved": "https://registry.npmjs.org/semver/-/semver-7.7.2.tgz",
      "integrity": "sha512-RF0Fw+rO5AMf9MAyaRXI4AV0Ulj5lMHqVxxdSgiVbixSCXoEmmX/jk0CuJw4+3SqroYO9VoUh+HcuJivvtJemA==",
      "license": "ISC",
      "bin": {
        "semver": "bin/semver.js"
      },
      "engines": {
        "node": ">=10"
      }
    },
    "node_modules/tagged-tag": {
      "version": "1.0.0",
      "resolved": "https://registry.npmjs.org/tagged-tag/-/tagged-tag-1.0.0.tgz",
      "integrity": "sha512-yEFYrVhod+hdNyx7g5Bnkkb0G6si8HJurOoOEgC8B/O0uXLHlaey/65KRv6cuWBNhBgHKAROVpc7QyYqE5gFng==",
      "dev": true,
      "license": "MIT",
      "engines": {
        "node": ">=20"
      },
      "funding": {
        "url": "https://github.com/sponsors/sindresorhus"
      }
    },
    "node_modules/tinyglobby": {
      "version": "0.2.15",
      "resolved": "https://registry.npmjs.org/tinyglobby/-/tinyglobby-0.2.15.tgz",
      "integrity": "sha512-j2Zq4NyQYG5XMST4cbs02Ak8iJUdxRM0XI5QyxXuZOzKOINmWurp3smXu3y5wDcJrptwpSjgXHzIQxR0omXljQ==",
      "license": "MIT",
      "dependencies": {
        "fdir": "^6.5.0",
        "picomatch": "^4.0.3"
      },
      "engines": {
        "node": ">=12.0.0"
      },
      "funding": {
        "url": "https://github.com/sponsors/SuperchupuDev"
      }
    },
    "node_modules/ts-morph": {
      "version": "27.0.0",
      "resolved": "https://registry.npmjs.org/ts-morph/-/ts-morph-27.0.0.tgz",
      "integrity": "sha512-xcqelpTR5PCuZMs54qp9DE3t7tPgA2v/P1/qdW4ke5b3Y5liTGTYj6a/twT35EQW/H5okRqp1UOqwNlgg0K0eQ==",
      "license": "MIT",
      "dependencies": {
        "@ts-morph/common": "~0.28.0",
        "code-block-writer": "^13.0.3"
      }
    },
    "node_modules/tsx": {
      "version": "4.20.5",
      "resolved": "https://registry.npmjs.org/tsx/-/tsx-4.20.5.tgz",
      "integrity": "sha512-+wKjMNU9w/EaQayHXb7WA7ZaHY6hN8WgfvHNQ3t1PnU91/7O8TcTnIhCDYTZwnt8JsO9IBqZ30Ln1r7pPF52Aw==",
      "dev": true,
      "license": "MIT",
      "dependencies": {
        "esbuild": "~0.25.0",
        "get-tsconfig": "^4.7.5"
      },
      "bin": {
        "tsx": "dist/cli.mjs"
      },
      "engines": {
        "node": ">=18.0.0"
      },
      "optionalDependencies": {
        "fsevents": "~2.3.3"
      }
    },
    "node_modules/type-fest": {
      "version": "5.0.0",
      "resolved": "https://registry.npmjs.org/type-fest/-/type-fest-5.0.0.tgz",
      "integrity": "sha512-GeJop7+u7BYlQ6yQCAY1nBQiRSHR+6OdCEtd8Bwp9a3NK3+fWAVjOaPKJDteB9f6cIJ0wt4IfnScjLG450EpXA==",
      "dev": true,
      "license": "(MIT OR CC0-1.0)",
      "dependencies": {
        "tagged-tag": "^1.0.0"
      },
      "engines": {
        "node": ">=20"
      },
      "funding": {
        "url": "https://github.com/sponsors/sindresorhus"
      }
    },
    "node_modules/typedoc": {
      "version": "0.28.20",
      "resolved": "https://registry.npmjs.org/typedoc/-/typedoc-0.28.20.tgz",
      "integrity": "sha512-uSKqkh8Cr48vllnEy+jdaAgOeR6Y+QCBW7usgUsKj7gJEfR7stw9U/fE49LBnj2tPRKPY0c0EBJSWe9Appmplg==",
      "license": "Apache-2.0",
      "dependencies": {
        "@gerrit0/mini-shiki": "^3.23.0",
        "lunr": "^2.3.9",
        "markdown-it": "^14.3.0",
        "minimatch": "^10.2.5",
        "yaml": "^2.9.0"
      },
      "bin": {
        "typedoc": "bin/typedoc"
      },
      "engines": {
        "node": ">= 18",
        "pnpm": ">= 10"
      },
      "peerDependencies": {
        "typescript": "5.0.x || 5.1.x || 5.2.x || 5.3.x || 5.4.x || 5.5.x || 5.6.x || 5.7.x || 5.8.x || 5.9.x || 6.0.x"
      }
    },
    "node_modules/typedoc-plugin-mdn-links": {
      "version": "5.1.1",
      "resolved": "https://registry.npmjs.org/typedoc-plugin-mdn-links/-/typedoc-plugin-mdn-links-5.1.1.tgz",
      "integrity": "sha512-fLlYudnlGkE9uspOEm/SBXwr+G0RbxoDZiHAVsCg+5NwKe2aUxjZK1YyQfleNZydImanzkX2oUJF29xbEeOSWw==",
      "license": "MIT",
      "peerDependencies": {
        "typedoc": "0.27.x || 0.28.x"
      }
    },
    "node_modules/typedoc/node_modules/balanced-match": {
      "version": "4.0.4",
      "resolved": "https://registry.npmjs.org/balanced-match/-/balanced-match-4.0.4.tgz",
      "integrity": "sha512-BLrgEcRTwX2o6gGxGOCNyMvGSp35YofuYzw9h1IMTRmKqttAZZVU67bdb9Pr2vUHA8+j3i2tJfjO6C6+4myGTA==",
      "license": "MIT",
      "engines": {
        "node": "18 || 20 || >=22"
      }
    },
    "node_modules/typedoc/node_modules/brace-expansion": {
      "version": "5.0.12",
      "resolved": "https://registry.npmjs.org/brace-expansion/-/brace-expansion-5.0.12.tgz",
      "integrity": "sha512-YovQ3rzhaLMIrDjNDMkNS01tea93qhEhG5xy8f6+R0l+dw3Ki+5sCoIoI942iuLZTHWogWktgwVDhU09iNEimQ==",
      "license": "MIT",
      "dependencies": {
        "balanced-match": "^4.0.2"
      },
      "engines": {
        "node": "20 || >=22"
      }
    },
    "node_modules/typedoc/node_modules/minimatch": {
      "version": "10.2.6",
      "resolved": "https://registry.npmjs.org/minimatch/-/minimatch-10.2.6.tgz",
      "integrity": "sha512-vpLQEs+VLCr1nU0BXS07maYoFwlDAH0gngQuuttxIwutDFEMHq2blX+8vpgxDdK3J1PwjCJiep77OitTZ4Ll1A==",
      "license": "BlueOak-1.0.0",
      "dependencies": {
        "brace-expansion": "^5.0.8"
      },
      "engines": {
        "node": "18 || 20 || >=22"
      },
      "funding": {
        "url": "https://github.com/sponsors/isaacs"
      }
    },
    "node_modules/typescript": {
      "version": "5.9.2",
      "resolved": "https://registry.npmjs.org/typescript/-/typescript-5.9.2.tgz",
      "integrity": "sha512-CWBzXQrc/qOkhidw1OzBTQuYRbfyxDXJMVJ1XNwUHGROVmuaeiEm3OslpZ1RV96d7SKKjZKrSJu3+t/xlw3R9A==",
      "license": "Apache-2.0",
      "bin": {
        "tsc": "bin/tsc",
        "tsserver": "bin/tsserver"
      },
      "engines": {
        "node": ">=14.17"
      }
    },
    "node_modules/uc.micro": {
      "version": "2.1.0",
      "resolved": "https://registry.npmjs.org/uc.micro/-/uc.micro-2.1.0.tgz",
      "integrity": "sha512-ARDJmphmdvUk6Glw7y9DQ2bFkKBHwQHLi2lsaH6PPmz/Ka9sFOBsBluozhDltWmnv9u/cF6Rt87znRTPV+yp/A==",
      "license": "MIT"
    },
    "node_modules/undici-types": {
      "version": "7.11.0",
      "resolved": "https://registry.npmjs.org/undici-types/-/undici-types-7.11.0.tgz",
      "integrity": "sha512-kt1ZriHTi7MU+Z/r9DOdAI3ONdaR3M3csEaRc6ewa4f4dTvX4cQCbJ4NkEn0ohE4hHtq85+PhPSTY+pO/1PwgA==",
      "dev": true,
      "license": "MIT"
    },
    "node_modules/yaml": {
      "version": "2.9.1",
      "resolved": "https://registry.npmjs.org/yaml/-/yaml-2.9.1.tgz",
      "integrity": "sha512-3NxN8+78OdzbT7C/WjGsyfPAtJaN3FNDsWxv7Y7mcDsT/oOmgW8BpyQQFFBnvZE3j9Y2Sdz1ULFLezL7Eb2yFw==",
      "license": "ISC",
      "bin": {
        "yaml": "bin.mjs"
      },
      "engines": {
        "node": ">= 14.6"
      },
      "funding": {
        "url": "https://github.com/sponsors/eemeli"
      }
    }
  }
}
